
Microsoft Visual Studio Solution File, Format Version 12.00
# Visual Studio 15
VisualStudioVersion = 15.0.28307.271
MinimumVisualStudioVersion = 10.0.40219.1
Project("{FAE04EC0-301F-11D3-BF4B-00C04F79EFBC}") = "RobotArm.Android", "RobotArm\RobotArm.Android\RobotArm.Android.csproj", "{0469959B-79D4-4314-9777-75B031EEEDEA}"
EndProject
Project("{FAE04EC0-301F-11D3-BF4B-00C04F79EFBC}") = "RobotArm.iOS", "RobotArm\RobotArm.iOS\RobotArm.iOS.csproj", "{3255885C-3D7A-46D4-83C7-D71BA19C0DAE}"
EndProject
Project("{FAE04EC0-301F-11D3-BF4B-00C04F79EFBC}") = "RobotArm.UWP", "RobotArm\RobotArm.UWP\RobotArm.UWP.csproj", "{C5F776F6-7907-408D-B47E-16CE89CC9373}"
EndProject
Project("{FAE04EC0-301F-11D3-BF4B-00C04F79EFBC}") = "RobotArm", "RobotArm\RobotArm\RobotArm.csproj", "{AC6F119C-BCD9-4DD6-B399-D546522BC896}"
EndProject
Global
	GlobalSection(SolutionConfigurationPlatforms) = preSolution
		Ad-Hoc|Any CPU = Ad-Hoc|Any CPU
		Ad-Hoc|ARM = Ad-Hoc|ARM
		Ad-Hoc|iPhone = Ad-Hoc|iPhone
		Ad-Hoc|iPhoneSimulator = Ad-Hoc|iPhoneSimulator
		Ad-Hoc|x64 = Ad-Hoc|x64
		Ad-Hoc|x86 = Ad-Hoc|x86
		AppStore|Any CPU = AppStore|Any CPU
		AppStore|ARM = AppStore|ARM
		AppStore|iPhone = AppStore|iPhone
		AppStore|iPhoneSimulator = AppStore|iPhoneSimulator
		AppStore|x64 = AppStore|x64
		AppStore|x86 = AppStore|x86
		Debug|Any CPU = Debug|Any CPU
		Debug|ARM = Debug|ARM
		Debug|iPhone = Debug|iPhone
		Debug|iPhoneSimulator = Debug|iPhoneSimulator
		Debug|x64 = Debug|x64
		Debug|x86 = Debug|x86
		Release|Any CPU = Release|Any CPU
		Release|ARM = Release|ARM
		Release|iPhone = Release|iPhone
		Release|iPhoneSimulator = Release|iPhoneSimulator
		Release|x64 = Release|x64
		Release|x86 = Release|x86
	EndGlobalSection
	GlobalSection(ProjectConfigurationPlatforms) = postSolution
		{0469959B-79D4-4314-9777-75B031EEEDEA}.Ad-Hoc|Any CPU.ActiveCfg = Release|Any CPU
		{0469959B-79D4-4314-9777-75B031EEEDEA}.Ad-Hoc|Any CPU.Build.0 = Release|Any CPU
		{0469959B-79D4-4314-9777-75B031EEEDEA}.Ad-Hoc|Any CPU.Deploy.0 = Release|Any CPU
		{0469959B-79D4-4314-9777-75B031EEEDEA}.Ad-Hoc|ARM.ActiveCfg = Release|Any CPU
		{0469959B-79D4-4314-9777-75B031EEEDEA}.Ad-Hoc|ARM.Build.0 = Release|Any CPU
		{0469959B-79D4-4314-9777-75B031EEEDEA}.Ad-Hoc|ARM.Deploy.0 = Release|Any CPU
		{0469959B-79D4-4314-9777-75B031EEEDEA}.Ad-Hoc|iPhone.ActiveCfg = Release|Any CPU
		{0469959B-79D4-4314-9777-75B031EEEDEA}.Ad-Hoc|iPhone.Build.0 = Release|Any CPU
		{0469959B-79D4-4314-9777-75B031EEEDEA}.Ad-Hoc|iPhone.Deploy.0 = Release|Any CPU
		{0469959B-79D4-4314-9777-75B031EEEDEA}.Ad-Hoc|iPhoneSimulator.ActiveCfg = Release|Any CPU
		{0469959B-79D4-4314-9777-75B031EEEDEA}.Ad-Hoc|iPhoneSimulator.Build.0 = Release|Any CPU
		{0469959B-79D4-4314-9777-75B031EEEDEA}.Ad-Hoc|iPhoneSimulator.Deploy.0 = Release|Any CPU
		{0469959B-79D4-4314-9777-75B031EEEDEA}.Ad-Hoc|x64.ActiveCfg = Release|Any CPU
		{0469959B-79D4-4314-9777-75B031EEEDEA}.Ad-Hoc|x64.Build.0 = Release|Any CPU
		{0469959B-79D4-4314-9777-75B031EEEDEA}.Ad-Hoc|x64.Deploy.0 = Release|Any CPU
		{0469959B-79D4-4314-9777-75B031EEEDEA}.Ad-Hoc|x86.ActiveCfg = Release|Any CPU
		{0469959B-79D4-4314-9777-75B031EEEDEA}.Ad-Hoc|x86.Build.0 = Release|Any CPU
		{0469959B-79D4-4314-9777-75B031EEEDEA}.Ad-Hoc|x86.Deploy.0 = Release|Any CPU
		{0469959B-79D4-4314-9777-75B031EEEDEA}.AppStore|Any CPU.ActiveCfg = Release|Any CPU
		{0469959B-79D4-4314-9777-75B031EEEDEA}.AppStore|Any CPU.Build.0 = Release|Any CPU
		{0469959B-79D4-4314-9777-75B031EEEDEA}.AppStore|Any CPU.Deploy.0 = Release|Any CPU
		{0469959B-79D4-4314-9777-75B031EEEDEA}.AppStore|ARM.ActiveCfg = Release|Any CPU
		{0469959B-79D4-4314-9777-75B031EEEDEA}.AppStore|ARM.Build.0 = Release|Any CPU
		{0469959B-79D4-4314-9777-75B031EEEDEA}.AppStore|ARM.Deploy.0 = Release|Any CPU
		{0469959B-79D4-4314-9777-75B031EEEDEA}.AppStore|iPhone.ActiveCfg = Release|Any CPU
		{0469959B-79D4-4314-9777-75B031EEEDEA}.AppStore|iPhone.Build.0 = Release|Any CPU
		{0469959B-79D4-4314-9777-75B031EEEDEA}.AppStore|iPhone.Deploy.0 = Release|Any CPU
		{0469959B-79D4-4314-9777-75B031EEEDEA}.AppStore|iPhoneSimulator.ActiveCfg = Release|Any CPU
		{0469959B-79D4-4314-9777-75B031EEEDEA}.AppStore|iPhoneSimulator.Build.0 = Release|Any CPU
		{0469959B-79D4-4314-9777-75B031EEEDEA}.AppStore|iPhoneSimulator.Deploy.0 = Release|Any CPU
		{0469959B-79D4-4314-9777-75B031EEEDEA}.AppStore|x64.ActiveCfg = Release|Any CPU
		{0469959B-79D4-4314-9777-75B031EEEDEA}.AppStore|x64.Build.0 = Release|Any CPU
		{0469959B-79D4-4314-9777-75B031EEEDEA}.AppStore|x64.Deploy.0 = Release|Any CPU
		{0469959B-79D4-4314-9777-75B031EEEDEA}.AppStore|x86.ActiveCfg = Release|Any CPU
		{0469959B-79D4-4314-9777-75B031EEEDEA}.AppStore|x86.Build.0 = Release|Any CPU
		{0469959B-79D4-4314-9777-75B031EEEDEA}.AppStore|x86.Deploy.0 = Release|Any CPU
		{0469959B-79D4-4314-9777-75B031EEEDEA}.Debug|Any CPU.ActiveCfg = Debug|Any CPU
		{0469959B-79D4-4314-9777-75B031EEEDEA}.Debug|Any CPU.Build.0 = Debug|Any CPU
		{0469959B-79D4-4314-9777-75B031EEEDEA}.Debug|Any CPU.Deploy.0 = Debug|Any CPU
		{0469959B-79D4-4314-9777-75B031EEEDEA}.Debug|ARM.ActiveCfg = Debug|Any CPU
		{0469959B-79D4-4314-9777-75B031EEEDEA}.Debug|ARM.Build.0 = Debug|Any CPU
		{0469959B-79D4-4314-9777-75B031EEEDEA}.Debug|ARM.Deploy.0 = Debug|Any CPU
		{0469959B-79D4-4314-9777-75B031EEEDEA}.Debug|iPhone.ActiveCfg = Debug|Any CPU
		{0469959B-79D4-4314-9777-75B031EEEDEA}.Debug|iPhone.Build.0 = Debug|Any CPU
		{0469959B-79D4-4314-9777-75B031EEEDEA}.Debug|iPhone.Deploy.0 = Debug|Any CPU
		{0469959B-79D4-4314-9777-75B031EEEDEA}.Debug|iPhoneSimulator.ActiveCfg = Debug|Any CPU
		{0469959B-79D4-4314-9777-75B031EEEDEA}.Debug|iPhoneSimulator.Build.0 = Debug|Any CPU
		{0469959B-79D4-4314-9777-75B031EEEDEA}.Debug|iPhoneSimulator.Deploy.0 = Debug|Any CPU
		{0469959B-79D4-4314-9777-75B031EEEDEA}.Debug|x64.ActiveCfg = Debug|Any CPU
		{0469959B-79D4-4314-9777-75B031EEEDEA}.Debug|x64.Build.0 = Debug|Any CPU
		{0469959B-79D4-4314-9777-75B031EEEDEA}.Debug|x64.Deploy.0 = Debug|Any CPU
		{0469959B-79D4-4314-9777-75B031EEEDEA}.Debug|x86.ActiveCfg = Debug|Any CPU
		{0469959B-79D4-4314-9777-75B031EEEDEA}.Debug|x86.Build.0 = Debug|Any CPU
		{0469959B-79D4-4314-9777-75B031EEEDEA}.Debug|x86.Deploy.0 = Debug|Any CPU
		{0469959B-79D4-4314-9777-75B031EEEDEA}.Release|Any CPU.ActiveCfg = Release|Any CPU
		{0469959B-79D4-4314-9777-75B031EEEDEA}.Release|Any CPU.Build.0 = Release|Any CPU
		{0469959B-79D4-4314-9777-75B031EEEDEA}.Release|Any CPU.Deploy.0 = Release|Any CPU
		{0469959B-79D4-4314-9777-75B031EEEDEA}.Release|ARM.ActiveCfg = Release|Any CPU
		{0469959B-79D4-4314-9777-75B031EEEDEA}.Release|ARM.Build.0 = Release|Any CPU
		{0469959B-79D4-4314-9777-75B031EEEDEA}.Release|ARM.Deploy.0 = Release|Any CPU
		{0469959B-79D4-4314-9777-75B031EEEDEA}.Release|iPhone.ActiveCfg = Release|Any CPU
		{0469959B-79D4-4314-9777-75B031EEEDEA}.Release|iPhone.Build.0 = Release|Any CPU
		{0469959B-79D4-4314-9777-75B031EEEDEA}.Release|iPhone.Deploy.0 = Release|Any CPU
		{0469959B-79D4-4314-9777-75B031EEEDEA}.Release|iPhoneSimulator.ActiveCfg = Release|Any CPU
		{0469959B-79D4-4314-9777-75B031EEEDEA}.Release|iPhoneSimulator.Build.0 = Release|Any CPU
		{0469959B-79D4-4314-9777-75B031EEEDEA}.Release|iPhoneSimulator.Deploy.0 = Release|Any CPU
		{0469959B-79D4-4314-9777-75B031EEEDEA}.Release|x64.ActiveCfg = Release|Any CPU
		{0469959B-79D4-4314-9777-75B031EEEDEA}.Release|x64.Build.0 = Release|Any CPU
		{0469959B-79D4-4314-9777-75B031EEEDEA}.Release|x64.Deploy.0 = Release|Any CPU
		{0469959B-79D4-4314-9777-75B031EEEDEA}.Release|x86.ActiveCfg = Release|Any CPU
		{0469959B-79D4-4314-9777-75B031EEEDEA}.Release|x86.Build.0 = Release|Any CPU
		{0469959B-79D4-4314-9777-75B031EEEDEA}.Release|x86.Deploy.0 = Release|Any CPU
		{3255885C-3D7A-46D4-83C7-D71BA19C0DAE}.Ad-Hoc|Any CPU.ActiveCfg = Ad-Hoc|iPhone
		{3255885C-3D7A-46D4-83C7-D71BA19C0DAE}.Ad-Hoc|Any CPU.Build.0 = Ad-Hoc|iPhone
		{3255885C-3D7A-46D4-83C7-D71BA19C0DAE}.Ad-Hoc|Any CPU.Deploy.0 = Ad-Hoc|iPhone
		{3255885C-3D7A-46D4-83C7-D71BA19C0DAE}.Ad-Hoc|ARM.ActiveCfg = Ad-Hoc|iPhone
		{3255885C-3D7A-46D4-83C7-D71BA19C0DAE}.Ad-Hoc|ARM.Build.0 = Ad-Hoc|iPhone
		{3255885C-3D7A-46D4-83C7-D71BA19C0DAE}.Ad-Hoc|ARM.Deploy.0 = Ad-Hoc|iPhone
		{3255885C-3D7A-46D4-83C7-D71BA19C0DAE}.Ad-Hoc|iPhone.ActiveCfg = Ad-Hoc|iPhone
		{3255885C-3D7A-46D4-83C7-D71BA19C0DAE}.Ad-Hoc|iPhone.Build.0 = Ad-Hoc|iPhone
		{3255885C-3D7A-46D4-83C7-D71BA19C0DAE}.Ad-Hoc|iPhone.Deploy.0 = Ad-Hoc|iPhone
		{3255885C-3D7A-46D4-83C7-D71BA19C0DAE}.Ad-Hoc|iPhoneSimulator.ActiveCfg = Ad-Hoc|iPhoneSimulator
		{3255885C-3D7A-46D4-83C7-D71BA19C0DAE}.Ad-Hoc|iPhoneSimulator.Build.0 = Ad-Hoc|iPhoneSimulator
		{3255885C-3D7A-46D4-83C7-D71BA19C0DAE}.Ad-Hoc|iPhoneSimulator.Deploy.0 = Ad-Hoc|iPhoneSimulator
		{3255885C-3D7A-46D4-83C7-D71BA19C0DAE}.Ad-Hoc|x64.ActiveCfg = Ad-Hoc|iPhone
		{3255885C-3D7A-46D4-83C7-D71BA19C0DAE}.Ad-Hoc|x64.Build.0 = Ad-Hoc|iPhone
		{3255885C-3D7A-46D4-83C7-D71BA19C0DAE}.Ad-Hoc|x64.Deploy.0 = Ad-Hoc|iPhone
		{3255885C-3D7A-46D4-83C7-D71BA19C0DAE}.Ad-Hoc|x86.ActiveCfg = Ad-Hoc|iPhone
		{3255885C-3D7A-46D4-83C7-D71BA19C0DAE}.Ad-Hoc|x86.Build.0 = Ad-Hoc|iPhone
		{3255885C-3D7A-46D4-83C7-D71BA19C0DAE}.Ad-Hoc|x86.Deploy.0 = Ad-Hoc|iPhone
		{3255885C-3D7A-46D4-83C7-D71BA19C0DAE}.AppStore|Any CPU.ActiveCfg = AppStore|iPhone
		{3255885C-3D7A-46D4-83C7-D71BA19C0DAE}.AppStore|Any CPU.Build.0 = AppStore|iPhone
		{3255885C-3D7A-46D4-83C7-D71BA19C0DAE}.AppStore|Any CPU.Deploy.0 = AppStore|iPhone
		{3255885C-3D7A-46D4-83C7-D71BA19C0DAE}.AppStore|ARM.ActiveCfg = AppStore|iPhone
		{3255885C-3D7A-46D4-83C7-D71BA19C0DAE}.AppStore|ARM.Build.0 = AppStore|iPhone
		{3255885C-3D7A-46D4-83C7-D71BA19C0DAE}.AppStore|ARM.Deploy.0 = AppStore|iPhone
		{3255885C-3D7A-46D4-83C7-D71BA19C0DAE}.AppStore|iPhone.ActiveCfg = AppStore|iPhone
		{3255885C-3D7A-46D4-83C7-D71BA19C0DAE}.AppStore|iPhone.Build.0 = AppStore|iPhone
		{3255885C-3D7A-46D4-83C7-D71BA19C0DAE}.AppStore|iPhone.Deploy.0 = AppStore|iPhone
		{3255885C-3D7A-46D4-83C7-D71BA19C0DAE}.AppStore|iPhoneSimulator.ActiveCfg = AppStore|iPhoneSimulator
		{3255885C-3D7A-46D4-83C7-D71BA19C0DAE}.AppStore|iPhoneSimulator.Build.0 = AppStore|iPhoneSimulator
		{3255885C-3D7A-46D4-83C7-D71BA19C0DAE}.AppStore|iPhoneSimulator.Deploy.0 = AppStore|iPhoneSimulator
		{3255885C-3D7A-46D4-83C7-D71BA19C0DAE}.AppStore|x64.ActiveCfg = AppStore|iPhone
		{3255885C-3D7A-46D4-83C7-D71BA19C0DAE}.AppStore|x64.Build.0 = AppStore|iPhone
		{3255885C-3D7A-46D4-83C7-D71BA19C0DAE}.AppStore|x64.Deploy.0 = AppStore|iPhone
		{3255885C-3D7A-46D4-83C7-D71BA19C0DAE}.AppStore|x86.ActiveCfg = AppStore|iPhone
		{3255885C-3D7A-46D4-83C7-D71BA19C0DAE}.AppStore|x86.Build.0 = AppStore|iPhone
		{3255885C-3D7A-46D4-83C7-D71BA19C0DAE}.AppStore|x86.Deploy.0 = AppStore|iPhone
		{3255885C-3D7A-46D4-83C7-D71BA19C0DAE}.Debug|Any CPU.ActiveCfg = Debug|iPhoneSimulator
		{3255885C-3D7A-46D4-83C7-D71BA19C0DAE}.Debug|Any CPU.Build.0 = Debug|iPhoneSimulator
		{3255885C-3D7A-46D4-83C7-D71BA19C0DAE}.Debug|Any CPU.Deploy.0 = Debug|iPhoneSimulator
		{3255885C-3D7A-46D4-83C7-D71BA19C0DAE}.Debug|ARM.ActiveCfg = Debug|iPhone
		{3255885C-3D7A-46D4-83C7-D71BA19C0DAE}.Debug|ARM.Build.0 = Debug|iPhone
		{3255885C-3D7A-46D4-83C7-D71BA19C0DAE}.Debug|ARM.Deploy.0 = Debug|iPhone
		{3255885C-3D7A-46D4-83C7-D71BA19C0DAE}.Debug|iPhone.ActiveCfg = Debug|iPhone
		{3255885C-3D7A-46D4-83C7-D71BA19C0DAE}.Debug|iPhone.Build.0 = Debug|iPhone
		{3255885C-3D7A-46D4-83C7-D71BA19C0DAE}.Debug|iPhone.Deploy.0 = Debug|iPhone
		{3255885C-3D7A-46D4-83C7-D71BA19C0DAE}.Debug|iPhoneSimulator.ActiveCfg = Debug|iPhoneSimulator
		{3255885C-3D7A-46D4-83C7-D71BA19C0DAE}.Debug|iPhoneSimulator.Build.0 = Debug|iPhoneSimulator
		{3255885C-3D7A-46D4-83C7-D71BA19C0DAE}.Debug|iPhoneSimulator.Deploy.0 = Debug|iPhoneSimulator
		{3255885C-3D7A-46D4-83C7-D71BA19C0DAE}.Debug|x64.ActiveCfg = Debug|iPhone
		{3255885C-3D7A-46D4-83C7-D71BA19C0DAE}.Debug|x64.Build.0 = Debug|iPhone
		{3255885C-3D7A-46D4-83C7-D71BA19C0DAE}.Debug|x64.Deploy.0 = Debug|iPhone
		{3255885C-3D7A-46D4-83C7-D71BA19C0DAE}.Debug|x86.ActiveCfg = Debug|iPhone
		{3255885C-3D7A-46D4-83C7-D71BA19C0DAE}.Debug|x86.Build.0 = Debug|iPhone
		{3255885C-3D7A-46D4-83C7-D71BA19C0DAE}.Debug|x86.Deploy.0 = Debug|iPhone
		{3255885C-3D7A-46D4-83C7-D71BA19C0DAE}.Release|Any CPU.ActiveCfg = Release|iPhone
		{3255885C-3D7A-46D4-83C7-D71BA19C0DAE}.Release|Any CPU.Build.0 = Release|iPhone
		{3255885C-3D7A-46D4-83C7-D71BA19C0DAE}.Release|Any CPU.Deploy.0 = Release|iPhone
		{3255885C-3D7A-46D4-83C7-D71BA19C0DAE}.Release|ARM.ActiveCfg = Release|iPhone
		{3255885C-3D7A-46D4-83C7-D71BA19C0DAE}.Release|ARM.Build.0 = Release|iPhone
		{3255885C-3D7A-46D4-83C7-D71BA19C0DAE}.Release|ARM.Deploy.0 = Release|iPhone
		{3255885C-3D7A-46D4-83C7-D71BA19C0DAE}.Release|iPhone.ActiveCfg = Release|iPhone
		{3255885C-3D7A-46D4-83C7-D71BA19C0DAE}.Release|iPhone.Build.0 = Release|iPhone
		{3255885C-3D7A-46D4-83C7-D71BA19C0DAE}.Release|iPhone.Deploy.0 = Release|iPhone
		{3255885C-3D7A-46D4-83C7-D71BA19C0DAE}.Release|iPhoneSimulator.ActiveCfg = Release|iPhoneSimulator
		{3255885C-3D7A-46D4-83C7-D71BA19C0DAE}.Release|iPhoneSimulator.Build.0 = Release|iPhoneSimulator
		{3255885C-3D7A-46D4-83C7-D71BA19C0DAE}.Release|iPhoneSimulator.Deploy.0 = Release|iPhoneSimulator
		{3255885C-3D7A-46D4-83C7-D71BA19C0DAE}.Release|x64.ActiveCfg = Release|iPhone
		{3255885C-3D7A-46D4-83C7-D71BA19C0DAE}.Release|x64.Build.0 = Release|iPhone
		{3255885C-3D7A-46D4-83C7-D71BA19C0DAE}.Release|x64.Deploy.0 = Release|iPhone
		{3255885C-3D7A-46D4-83C7-D71BA19C0DAE}.Release|x86.ActiveCfg = Release|iPhone
		{3255885C-3D7A-46D4-83C7-D71BA19C0DAE}.Release|x86.Build.0 = Release|iPhone
		{3255885C-3D7A-46D4-83C7-D71BA19C0DAE}.Release|x86.Deploy.0 = Release|iPhone
		{C5F776F6-7907-408D-B47E-16CE89CC9373}.Ad-Hoc|Any CPU.ActiveCfg = Release|x86
		{C5F776F6-7907-408D-B47E-16CE89CC9373}.Ad-Hoc|Any CPU.Build.0 = Release|x86
		{C5F776F6-7907-408D-B47E-16CE89CC9373}.Ad-Hoc|Any CPU.Deploy.0 = Release|x86
		{C5F776F6-7907-408D-B47E-16CE89CC9373}.Ad-Hoc|ARM.ActiveCfg = Release|ARM
		{C5F776F6-7907-408D-B47E-16CE89CC9373}.Ad-Hoc|ARM.Build.0 = Release|ARM
		{C5F776F6-7907-408D-B47E-16CE89CC9373}.Ad-Hoc|ARM.Deploy.0 = Release|ARM
		{C5F776F6-7907-408D-B47E-16CE89CC9373}.Ad-Hoc|iPhone.ActiveCfg = Release|x86
		{C5F776F6-7907-408D-B47E-16CE89CC9373}.Ad-Hoc|iPhone.Build.0 = Release|x86
		{C5F776F6-7907-408D-B47E-16CE89CC9373}.Ad-Hoc|iPhone.Deploy.0 = Release|x86
		{C5F776F6-7907-408D-B47E-16CE89CC9373}.Ad-Hoc|iPhoneSimulator.ActiveCfg = Release|x86
		{C5F776F6-7907-408D-B47E-16CE89CC9373}.Ad-Hoc|iPhoneSimulator.Build.0 = Release|x86
		{C5F776F6-7907-408D-B47E-16CE89CC9373}.Ad-Hoc|iPhoneSimulator.Deploy.0 = Release|x86
		{C5F776F6-7907-408D-B47E-16CE89CC9373}.Ad-Hoc|x64.ActiveCfg = Release|x64
		{C5F776F6-7907-408D-B47E-16CE89CC9373}.Ad-Hoc|x64.Build.0 = Release|x64
		{C5F776F6-7907-408D-B47E-16CE89CC9373}.Ad-Hoc|x64.Deploy.0 = Release|x64
		{C5F776F6-7907-408D-B47E-16CE89CC9373}.Ad-Hoc|x86.ActiveCfg = Release|x86
		{C5F776F6-7907-408D-B47E-16CE89CC9373}.Ad-Hoc|x86.Build.0 = Release|x86
		{C5F776F6-7907-408D-B47E-16CE89CC9373}.Ad-Hoc|x86.Deploy.0 = Release|x86
		{C5F776F6-7907-408D-B47E-16CE89CC9373}.AppStore|Any CPU.ActiveCfg = Release|x86
		{C5F776F6-7907-408D-B47E-16CE89CC9373}.AppStore|Any CPU.Build.0 = Release|x86
		{C5F776F6-7907-408D-B47E-16CE89CC9373}.AppStore|Any CPU.Deploy.0 = Release|x86
		{C5F776F6-7907-408D-B47E-16CE89CC9373}.AppStore|ARM.ActiveCfg = Release|ARM
		{C5F776F6-7907-408D-B47E-16CE89CC9373}.AppStore|ARM.Build.0 = Release|ARM
		{C5F776F6-7907-408D-B47E-16CE89CC9373}.AppStore|ARM.Deploy.0 = Release|ARM
		{C5F776F6-7907-408D-B47E-16CE89CC9373}.AppStore|iPhone.ActiveCfg = Release|x86
		{C5F776F6-7907-408D-B47E-16CE89CC9373}.AppStore|iPhone.Build.0 = Release|x86
		{C5F776F6-7907-408D-B47E-16CE89CC9373}.AppStore|iPhone.Deploy.0 = Release|x86
		{C5F776F6-7907-408D-B47E-16CE89CC9373}.AppStore|iPhoneSimulator.ActiveCfg = Release|x86
		{C5F776F6-7907-408D-B47E-16CE89CC9373}.AppStore|iPhoneSimulator.Build.0 = Release|x86
		{C5F776F6-7907-408D-B47E-16CE89CC9373}.AppStore|iPhoneSimulator.Deploy.0 = Release|x86
		{C5F776F6-7907-408D-B47E-16CE89CC9373}.AppStore|x64.ActiveCfg = Release|x64
		{C5F776F6-7907-408D-B47E-16CE89CC9373}.AppStore|x64.Build.0 = Release|x64
		{C5F776F6-7907-408D-B47E-16CE89CC9373}.AppStore|x64.Deploy.0 = Release|x64
		{C5F776F6-7907-408D-B47E-16CE89CC9373}.AppStore|x86.ActiveCfg = Release|x86
		{C5F776F6-7907-408D-B47E-16CE89CC9373}.AppStore|x86.Build.0 = Release|x86
		{C5F776F6-7907-408D-B47E-16CE89CC9373}.AppStore|x86.Deploy.0 = Release|x86
		{C5F776F6-7907-408D-B47E-16CE89CC9373}.Debug|Any CPU.ActiveCfg = Debug|x86
		{C5F776F6-7907-408D-B47E-16CE89CC9373}.Debug|Any CPU.Build.0 = Debug|x86
		{C5F776F6-7907-408D-B47E-16CE89CC9373}.Debug|Any CPU.Deploy.0 = Debug|x86
		{C5F776F6-7907-408D-B47E-16CE89CC9373}.Debug|ARM.ActiveCfg = Debug|ARM
		{C5F776F6-7907-408D-B47E-16CE89CC9373}.Debug|ARM.Build.0 = Debug|ARM
		{C5F776F6-7907-408D-B47E-16CE89CC9373}.Debug|ARM.Deploy.0 = Debug|ARM
		{C5F776F6-7907-408D-B47E-16CE89CC9373}.Debug|iPhone.ActiveCfg = Debug|x86
		{C5F776F6-7907-408D-B47E-16CE89CC9373}.Debug|iPhone.Build.0 = Debug|x86
		{C5F776F6-7907-408D-B47E-16CE89CC9373}.Debug|iPhone.Deploy.0 = Debug|x86
		{C5F776F6-7907-408D-B47E-16CE89CC9373}.Debug|iPhoneSimulator.ActiveCfg = Debug|x86
		{C5F776F6-7907-408D-B47E-16CE89CC9373}.Debug|iPhoneSimulator.Build.0 = Debug|x86
		{C5F776F6-7907-408D-B47E-16CE89CC9373}.Debug|iPhoneSimulator.Deploy.0 = Debug|x86
		{C5F776F6-7907-408D-B47E-16CE89CC9373}.Debug|x64.ActiveCfg = Debug|x64
		{C5F776F6-7907-408D-B47E-16CE89CC9373}.Debug|x64.Build.0 = Debug|x64
		{C5F776F6-7907-408D-B47E-16CE89CC9373}.Debug|x64.Deploy.0 = Debug|x64
		{C5F776F6-7907-408D-B47E-16CE89CC9373}.Debug|x86.ActiveCfg = Debug|x86
		{C5F776F6-7907-408D-B47E-16CE89CC9373}.Debug|x86.Build.0 = Debug|x86
		{C5F776F6-7907-408D-B47E-16CE89CC9373}.Debug|x86.Deploy.0 = Debug|x86
		{C5F776F6-7907-408D-B47E-16CE89CC9373}.Release|Any CPU.ActiveCfg = Release|x86
		{C5F776F6-7907-408D-B47E-16CE89CC9373}.Release|Any CPU.Build.0 = Release|x86
		{C5F776F6-7907-408D-B47E-16CE89CC9373}.Release|Any CPU.Deploy.0 = Release|x86
		{C5F776F6-7907-408D-B47E-16CE89CC9373}.Release|ARM.ActiveCfg = Release|ARM
		{C5F776F6-7907-408D-B47E-16CE89CC9373}.Release|ARM.Build.0 = Release|ARM
		{C5F776F6-7907-408D-B47E-16CE89CC9373}.Release|ARM.Deploy.0 = Release|ARM
		{C5F776F6-7907-408D-B47E-16CE89CC9373}.Release|iPhone.ActiveCfg = Release|x86
		{C5F776F6-7907-408D-B47E-16CE89CC9373}.Release|iPhone.Build.0 = Release|x86
		{C5F776F6-7907-408D-B47E-16CE89CC9373}.Release|iPhone.Deploy.0 = Release|x86
		{C5F776F6-7907-408D-B47E-16CE89CC9373}.Release|iPhoneSimulator.ActiveCfg = Release|x86
		{C5F776F6-7907-408D-B47E-16CE89CC9373}.Release|iPhoneSimulator.Build.0 = Release|x86
		{C5F776F6-7907-408D-B47E-16CE89CC9373}.Release|iPhoneSimulator.Deploy.0 = Release|x86
		{C5F776F6-7907-408D-B47E-16CE89CC9373}.Release|x64.ActiveCfg = Release|x64
		{C5F776F6-7907-408D-B47E-16CE89CC9373}.Release|x64.Build.0 = Release|x64
		{C5F776F6-7907-408D-B47E-16CE89CC9373}.Release|x64.Deploy.0 = Release|x64
		{C5F776F6-7907-408D-B47E-16CE89CC9373}.Release|x86.ActiveCfg = Release|x86
		{C5F776F6-7907-408D-B47E-16CE89CC9373}.Release|x86.Build.0 = Release|x86
		{C5F776F6-7907-408D-B47E-16CE89CC9373}.Release|x86.Deploy.0 = Release|x86
		{AC6F119C-BCD9-4DD6-B399-D546522BC896}.Ad-Hoc|Any CPU.ActiveCfg = Debug|Any CPU
		{AC6F119C-BCD9-4DD6-B399-D546522BC896}.Ad-Hoc|Any CPU.Build.0 = Debug|Any CPU
		{AC6F119C-BCD9-4DD6-B399-D546522BC896}.Ad-Hoc|Any CPU.Deploy.0 = Debug|Any CPU
		{AC6F119C-BCD9-4DD6-B399-D546522BC896}.Ad-Hoc|ARM.ActiveCfg = Debug|Any CPU
		{AC6F119C-BCD9-4DD6-B399-D546522BC896}.Ad-Hoc|ARM.Build.0 = Debug|Any CPU
		{AC6F119C-BCD9-4DD6-B399-D546522BC896}.Ad-Hoc|ARM.Deploy.0 = Debug|Any CPU
		{AC6F119C-BCD9-4DD6-B399-D546522BC896}.Ad-Hoc|iPhone.ActiveCfg = Debug|Any CPU
		{AC6F119C-BCD9-4DD6-B399-D546522BC896}.Ad-Hoc|iPhone.Build.0 = Debug|Any CPU
		{AC6F119C-BCD9-4DD6-B399-D546522BC896}.Ad-Hoc|iPhone.Deploy.0 = Debug|Any CPU
		{AC6F119C-BCD9-4DD6-B399-D546522BC896}.Ad-Hoc|iPhoneSimulator.ActiveCfg = Debug|Any CPU
		{AC6F119C-BCD9-4DD6-B399-D546522BC896}.Ad-Hoc|iPhoneSimulator.Build.0 = Debug|Any CPU
		{AC6F119C-BCD9-4DD6-B399-D546522BC896}.Ad-Hoc|iPhoneSimulator.Deploy.0 = Debug|Any CPU
		{AC6F119C-BCD9-4DD6-B399-D546522BC896}.Ad-Hoc|x64.ActiveCfg = Debug|Any CPU
		{AC6F119C-BCD9-4DD6-B399-D546522BC896}.Ad-Hoc|x64.Build.0 = Debug|Any CPU
		{AC6F119C-BCD9-4DD6-B399-D546522BC896}.Ad-Hoc|x64.Deploy.0 = Debug|Any CPU
		{AC6F119C-BCD9-4DD6-B399-D546522BC896}.Ad-Hoc|x86.ActiveCfg = Debug|Any CPU
		{AC6F119C-BCD9-4DD6-B399-D546522BC896}.Ad-Hoc|x86.Build.0 = Debug|Any CPU
		{AC6F119C-BCD9-4DD6-B399-D546522BC896}.Ad-Hoc|x86.Deploy.0 = Debug|Any CPU
		{AC6F119C-BCD9-4DD6-B399-D546522BC896}.AppStore|Any CPU.ActiveCfg = Debug|Any CPU
		{AC6F119C-BCD9-4DD6-B399-D546522BC896}.AppStore|Any CPU.Build.0 = Debug|Any CPU
		{AC6F119C-BCD9-4DD6-B399-D546522BC896}.AppStore|Any CPU.Deploy.0 = Debug|Any CPU
		{AC6F119C-BCD9-4DD6-B399-D546522BC896}.AppStore|ARM.ActiveCfg = Debug|Any CPU
		{AC6F119C-BCD9-4DD6-B399-D546522BC896}.AppStore|ARM.Build.0 = Debug|Any CPU
		{AC6F119C-BCD9-4DD6-B399-D546522BC896}.AppStore|ARM.Deploy.0 = Debug|Any CPU
		{AC6F119C-BCD9-4DD6-B399-D546522BC896}.AppStore|iPhone.ActiveCfg = Debug|Any CPU
		{AC6F119C-BCD9-4DD6-B399-D546522BC896}.AppStore|iPhone.Build.0 = Debug|Any CPU
		{AC6F119C-BCD9-4DD6-B399-D546522BC896}.AppStore|iPhone.Deploy.0 = Debug|Any CPU
		{AC6F119C-BCD9-4DD6-B399-D546522BC896}.AppStore|iPhoneSimulator.ActiveCfg = Debug|Any CPU
		{AC6F119C-BCD9-4DD6-B399-D546522BC896}.AppStore|iPhoneSimulator.Build.0 = Debug|Any CPU
		{AC6F119C-BCD9-4DD6-B399-D546522BC896}.AppStore|iPhoneSimulator.Deploy.0 = Debug|Any CPU
		{AC6F119C-BCD9-4DD6-B399-D546522BC896}.AppStore|x64.ActiveCfg = Debug|Any CPU
		{AC6F119C-BCD9-4DD6-B399-D546522BC896}.AppStore|x64.Build.0 = Debug|Any CPU
		{AC6F119C-BCD9-4DD6-B399-D546522BC896}.AppStore|x64.Deploy.0 = Debug|Any CPU
		{AC6F119C-BCD9-4DD6-B399-D546522BC896}.AppStore|x86.ActiveCfg = Debug|Any CPU
		{AC6F119C-BCD9-4DD6-B399-D546522BC896}.AppStore|x86.Build.0 = Debug|Any CPU
		{AC6F119C-BCD9-4DD6-B399-D546522BC896}.AppStore|x86.Deploy.0 = Debug|Any CPU
		{AC6F119C-BCD9-4DD6-B399-D546522BC896}.Debug|Any CPU.ActiveCfg = Debug|Any CPU
		{AC6F119C-BCD9-4DD6-B399-D546522BC896}.Debug|Any CPU.Build.0 = Debug|Any CPU
		{AC6F119C-BCD9-4DD6-B399-D546522BC896}.Debug|Any CPU.Deploy.0 = Debug|Any CPU
		{AC6F119C-BCD9-4DD6-B399-D546522BC896}.Debug|ARM.ActiveCfg = Debug|Any CPU
		{AC6F119C-BCD9-4DD6-B399-D546522BC896}.Debug|ARM.Build.0 = Debug|Any CPU
		{AC6F119C-BCD9-4DD6-B399-D546522BC896}.Debug|ARM.Deploy.0 = Debug|Any CPU
		{AC6F119C-BCD9-4DD6-B399-D546522BC896}.Debug|iPhone.ActiveCfg = Debug|Any CPU
		{AC6F119C-BCD9-4DD6-B399-D546522BC896}.Debug|iPhone.Build.0 = Debug|Any CPU
		{AC6F119C-BCD9-4DD6-B399-D546522BC896}.Debug|iPhone.Deploy.0 = Debug|Any CPU
		{AC6F119C-BCD9-4DD6-B399-D546522BC896}.Debug|iPhoneSimulator.ActiveCfg = Debug|Any CPU
		{AC6F119C-BCD9-4DD6-B399-D546522BC896}.Debug|iPhoneSimulator.Build.0 = Debug|Any CPU
		{AC6F119C-BCD9-4DD6-B399-D546522BC896}.Debug|iPhoneSimulator.Deploy.0 = Debug|Any CPU
		{AC6F119C-BCD9-4DD6-B399-D546522BC896}.Debug|x64.ActiveCfg = Debug|Any CPU
		{AC6F119C-BCD9-4DD6-B399-D546522BC896}.Debug|x64.Build.0 = Debug|Any CPU
		{AC6F119C-BCD9-4DD6-B399-D546522BC896}.Debug|x64.Deploy.0 = Debug|Any CPU
		{AC6F119C-BCD9-4DD6-B399-D546522BC896}.Debug|x86.ActiveCfg = Debug|Any CPU
		{AC6F119C-BCD9-4DD6-B399-D546522BC896}.Debug|x86.Build.0 = Debug|Any CPU
		{AC6F119C-BCD9-4DD6-B399-D546522BC896}.Debug|x86.Deploy.0 = Debug|Any CPU
		{AC6F119C-BCD9-4DD6-B399-D546522BC896}.Release|Any CPU.ActiveCfg = Release|Any CPU
		{AC6F119C-BCD9-4DD6-B399-D546522BC896}.Release|Any CPU.Build.0 = Release|Any CPU
		{AC6F119C-BCD9-4DD6-B399-D546522BC896}.Release|Any CPU.Deploy.0 = Release|Any CPU
		{AC6F119C-BCD9-4DD6-B399-D546522BC896}.Release|ARM.ActiveCfg = Release|Any CPU
		{AC6F119C-BCD9-4DD6-B399-D546522BC896}.Release|ARM.Build.0 = Release|Any CPU
		{AC6F119C-BCD9-4DD6-B399-D546522BC896}.Release|ARM.Deploy.0 = Release|Any CPU
		{AC6F119C-BCD9-4DD6-B399-D546522BC896}.Release|iPhone.ActiveCfg = Release|Any CPU
		{AC6F119C-BCD9-4DD6-B399-D546522BC896}.Release|iPhone.Build.0 = Release|Any CPU
		{AC6F119C-BCD9-4DD6-B399-D546522BC896}.Release|iPhone.Deploy.0 = Release|Any CPU
		{AC6F119C-BCD9-4DD6-B399-D546522BC896}.Release|iPhoneSimulator.ActiveCfg = Release|Any CPU
		{AC6F119C-BCD9-4DD6-B399-D546522BC896}.Release|iPhoneSimulator.Build.0 = Release|Any CPU
		{AC6F119C-BCD9-4DD6-B399-D546522BC896}.Release|iPhoneSimulator.Deploy.0 = Release|Any CPU
		{AC6F119C-BCD9-4DD6-B399-D546522BC896}.Release|x64.ActiveCfg = Release|Any CPU
		{AC6F119C-BCD9-4DD6-B399-D546522BC896}.Release|x64.Build.0 = Release|Any CPU
		{AC6F119C-BCD9-4DD6-B399-D546522BC896}.Release|x64.Deploy.0 = Release|Any CPU
		{AC6F119C-BCD9-4DD6-B399-D546522BC896}.Release|x86.ActiveCfg = Release|Any CPU
		{AC6F119C-BCD9-4DD6-B399-D546522BC896}.Release|x86.Build.0 = Release|Any CPU
		{AC6F119C-BCD9-4DD6-B399-D546522BC896}.Release|x86.Deploy.0 = Release|Any CPU
	EndGlobalSection
	GlobalSection(SolutionProperties) = preSolution
		HideSolutionNode = FALSE
	EndGlobalSection
	GlobalSection(ExtensibilityGlobals) = postSolution
		SolutionGuid = {DF11E7DF-E9D0-4E7D-B5D9-5ADBE8B0EC25}
	EndGlobalSection
EndGlobal
